// !$*UTF8*$!
{
	archiveVersion = 1;
	classes = {
	};
	objectVersion = 50;
	objects = {

/* Begin PBXBuildFile section */
		2259BAFE1C9E34BF09D69C7C /* Pods_Filter_UITests.framework in Frameworks */ = {isa = PBXBuildFile; fileRef = F07D1BB6DD80392751021EFA /* Pods_Filter_UITests.framework */; };
		8E208E2DDAB781CE23585113 /* Pods_Filter_Tests.framework in Frameworks */ = {isa = PBXBuildFile; fileRef = 82A582CB01EC169EC40473A8 /* Pods_Filter_Tests.framework */; };
		A536AF582227ECC100750284 /* AppDelegate.swift in Sources */ = {isa = PBXBuildFile; fileRef = A536AF572227ECC100750284 /* AppDelegate.swift */; };
		A536AF5D2227ECC100750284 /* Main.storyboard in Resources */ = {isa = PBXBuildFile; fileRef = A536AF5B2227ECC100750284 /* Main.storyboard */; };
		A536AF5F2227ECC200750284 /* Assets.xcassets in Resources */ = {isa = PBXBuildFile; fileRef = A536AF5E2227ECC200750284 /* Assets.xcassets */; };
		A536AF622227ECC200750284 /* LaunchScreen.storyboard in Resources */ = {isa = PBXBuildFile; fileRef = A536AF602227ECC200750284 /* LaunchScreen.storyboard */; };
		A536AF6D2227ECC200750284 /* Filter_Tests.swift in Sources */ = {isa = PBXBuildFile; fileRef = A536AF6C2227ECC200750284 /* Filter_Tests.swift */; };
		A536AF782227ECC200750284 /* Filter_UITests.swift in Sources */ = {isa = PBXBuildFile; fileRef = A536AF772227ECC200750284 /* Filter_UITests.swift */; };
		A536AF882227ED6C00750284 /* FilterViewController.swift in Sources */ = {isa = PBXBuildFile; fileRef = A536AF872227ED6C00750284 /* FilterViewController.swift */; };
		A54A0F1E222C588900960BEE /* FiltersGroup.swift in Sources */ = {isa = PBXBuildFile; fileRef = A54A0F1D222C588900960BEE /* FiltersGroup.swift */; };
		A54A0F21222D707800960BEE /* ImageConverter.swift in Sources */ = {isa = PBXBuildFile; fileRef = A54A0F20222D707800960BEE /* ImageConverter.swift */; };
		A54A0F23222DC50600960BEE /* HazeRemovalFilter.swift in Sources */ = {isa = PBXBuildFile; fileRef = A54A0F22222DC50600960BEE /* HazeRemovalFilter.swift */; };
		A54A0F25222DD42F00960BEE /* CustomFiltersVendor.swift in Sources */ = {isa = PBXBuildFile; fileRef = A54A0F24222DD42F00960BEE /* CustomFiltersVendor.swift */; };
		A5B252492231A3AB000AFE17 /* HueAdjustmentControlClass.swift in Sources */ = {isa = PBXBuildFile; fileRef = A5B252482231A3AB000AFE17 /* HueAdjustmentControlClass.swift */; };
		F84B120FFEFE3532B07BA84B /* Pods_Filter_.framework in Frameworks */ = {isa = PBXBuildFile; fileRef = 6B0F38611477DEB2AF84850B /* Pods_Filter_.framework */; };
/* End PBXBuildFile section */

/* Begin PBXContainerItemProxy section */
		A536AF692227ECC200750284 /* PBXContainerItemProxy */ = {
			isa = PBXContainerItemProxy;
			containerPortal = A536AF4C2227ECC100750284 /* Project object */;
			proxyType = 1;
			remoteGlobalIDString = A536AF532227ECC100750284;
			remoteInfo = "Filter+";
		};
		A536AF742227ECC200750284 /* PBXContainerItemProxy */ = {
			isa = PBXContainerItemProxy;
			containerPortal = A536AF4C2227ECC100750284 /* Project object */;
			proxyType = 1;
			remoteGlobalIDString = A536AF532227ECC100750284;
			remoteInfo = "Filter+";
		};
/* End PBXContainerItemProxy section */

/* Begin PBXFileReference section */
		003569AD1F4933F992A84C4C /* Pods-Filter+.debug.xcconfig */ = {isa = PBXFileReference; includeInIndex = 1; lastKnownFileType = text.xcconfig; name = "Pods-Filter+.debug.xcconfig"; path = "Pods/Target Support Files/Pods-Filter+/Pods-Filter+.debug.xcconfig"; sourceTree = "<group>"; };
		3D741609E94CF76FBBD0FC22 /* Pods-Filter+Tests.debug.xcconfig */ = {isa = PBXFileReference; includeInIndex = 1; lastKnownFileType = text.xcconfig; name = "Pods-Filter+Tests.debug.xcconfig"; path = "Pods/Target Support Files/Pods-Filter+Tests/Pods-Filter+Tests.debug.xcconfig"; sourceTree = "<group>"; };
		4F87969BBDAD316FD965C5CE /* Pods-Filter+UITests.release.xcconfig */ = {isa = PBXFileReference; includeInIndex = 1; lastKnownFileType = text.xcconfig; name = "Pods-Filter+UITests.release.xcconfig"; path = "Pods/Target Support Files/Pods-Filter+UITests/Pods-Filter+UITests.release.xcconfig"; sourceTree = "<group>"; };
		6B0F38611477DEB2AF84850B /* Pods_Filter_.framework */ = {isa = PBXFileReference; explicitFileType = wrapper.framework; includeInIndex = 0; path = Pods_Filter_.framework; sourceTree = BUILT_PRODUCTS_DIR; };
		82A582CB01EC169EC40473A8 /* Pods_Filter_Tests.framework */ = {isa = PBXFileReference; explicitFileType = wrapper.framework; includeInIndex = 0; path = Pods_Filter_Tests.framework; sourceTree = BUILT_PRODUCTS_DIR; };
		A536AF542227ECC100750284 /* Filter+.app */ = {isa = PBXFileReference; explicitFileType = wrapper.application; includeInIndex = 0; path = "Filter+.app"; sourceTree = BUILT_PRODUCTS_DIR; };
		A536AF572227ECC100750284 /* AppDelegate.swift */ = {isa = PBXFileReference; lastKnownFileType = sourcecode.swift; path = AppDelegate.swift; sourceTree = "<group>"; };
		A536AF5C2227ECC100750284 /* Base */ = {isa = PBXFileReference; lastKnownFileType = file.storyboard; name = Base; path = Base.lproj/Main.storyboard; sourceTree = "<group>"; };
		A536AF5E2227ECC200750284 /* Assets.xcassets */ = {isa = PBXFileReference; lastKnownFileType = folder.assetcatalog; path = Assets.xcassets; sourceTree = "<group>"; };
		A536AF612227ECC200750284 /* Base */ = {isa = PBXFileReference; lastKnownFileType = file.storyboard; name = Base; path = Base.lproj/LaunchScreen.storyboard; sourceTree = "<group>"; };
		A536AF632227ECC200750284 /* Info.plist */ = {isa = PBXFileReference; lastKnownFileType = text.plist.xml; path = Info.plist; sourceTree = "<group>"; };
		A536AF682227ECC200750284 /* Filter+Tests.xctest */ = {isa = PBXFileReference; explicitFileType = wrapper.cfbundle; includeInIndex = 0; path = "Filter+Tests.xctest"; sourceTree = BUILT_PRODUCTS_DIR; };
		A536AF6C2227ECC200750284 /* Filter_Tests.swift */ = {isa = PBXFileReference; lastKnownFileType = sourcecode.swift; path = Filter_Tests.swift; sourceTree = "<group>"; };
		A536AF6E2227ECC200750284 /* Info.plist */ = {isa = PBXFileReference; lastKnownFileType = text.plist.xml; path = Info.plist; sourceTree = "<group>"; };
		A536AF732227ECC200750284 /* Filter+UITests.xctest */ = {isa = PBXFileReference; explicitFileType = wrapper.cfbundle; includeInIndex = 0; path = "Filter+UITests.xctest"; sourceTree = BUILT_PRODUCTS_DIR; };
		A536AF772227ECC200750284 /* Filter_UITests.swift */ = {isa = PBXFileReference; lastKnownFileType = sourcecode.swift; path = Filter_UITests.swift; sourceTree = "<group>"; };
		A536AF792227ECC200750284 /* Info.plist */ = {isa = PBXFileReference; lastKnownFileType = text.plist.xml; path = Info.plist; sourceTree = "<group>"; };
		A536AF872227ED6C00750284 /* FilterViewController.swift */ = {isa = PBXFileReference; lastKnownFileType = sourcecode.swift; path = FilterViewController.swift; sourceTree = "<group>"; };
		A54A0F1D222C588900960BEE /* FiltersGroup.swift */ = {isa = PBXFileReference; lastKnownFileType = sourcecode.swift; path = FiltersGroup.swift; sourceTree = "<group>"; };
		A54A0F20222D707800960BEE /* ImageConverter.swift */ = {isa = PBXFileReference; lastKnownFileType = sourcecode.swift; path = ImageConverter.swift; sourceTree = "<group>"; };
		A54A0F22222DC50600960BEE /* HazeRemovalFilter.swift */ = {isa = PBXFileReference; lastKnownFileType = sourcecode.swift; path = HazeRemovalFilter.swift; sourceTree = "<group>"; };
		A54A0F24222DD42F00960BEE /* CustomFiltersVendor.swift */ = {isa = PBXFileReference; lastKnownFileType = sourcecode.swift; path = CustomFiltersVendor.swift; sourceTree = "<group>"; };
		A5B252482231A3AB000AFE17 /* HueAdjustmentControlClass.swift */ = {isa = PBXFileReference; lastKnownFileType = sourcecode.swift; path = HueAdjustmentControlClass.swift; sourceTree = "<group>"; };
		C6D868563CFFC7986CD2D097 /* Pods-Filter+UITests.debug.xcconfig */ = {isa = PBXFileReference; includeInIndex = 1; lastKnownFileType = text.xcconfig; name = "Pods-Filter+UITests.debug.xcconfig"; path = "Pods/Target Support Files/Pods-Filter+UITests/Pods-Filter+UITests.debug.xcconfig"; sourceTree = "<group>"; };
		EA9C65EEE61A2A7503A3E604 /* Pods-Filter+.release.xcconfig */ = {isa = PBXFileReference; includeInIndex = 1; lastKnownFileType = text.xcconfig; name = "Pods-Filter+.release.xcconfig"; path = "Pods/Target Support Files/Pods-Filter+/Pods-Filter+.release.xcconfig"; sourceTree = "<group>"; };
		F07D1BB6DD80392751021EFA /* Pods_Filter_UITests.framework */ = {isa = PBXFileReference; explicitFileType = wrapper.framework; includeInIndex = 0; path = Pods_Filter_UITests.framework; sourceTree = BUILT_PRODUCTS_DIR; };
		F67D459A8233AFE5DB844EBD /* Pods-Filter+Tests.release.xcconfig */ = {isa = PBXFileReference; includeInIndex = 1; lastKnownFileType = text.xcconfig; name = "Pods-Filter+Tests.release.xcconfig"; path = "Pods/Target Support Files/Pods-Filter+Tests/Pods-Filter+Tests.release.xcconfig"; sourceTree = "<group>"; };
/* End PBXFileReference section */

/* Begin PBXFrameworksBuildPhase section */
		A536AF512227ECC100750284 /* Frameworks */ = {
			isa = PBXFrameworksBuildPhase;
			buildActionMask = 2147483647;
			files = (
				F84B120FFEFE3532B07BA84B /* Pods_Filter_.framework in Frameworks */,
			);
			runOnlyForDeploymentPostprocessing = 0;
		};
		A536AF652227ECC200750284 /* Frameworks */ = {
			isa = PBXFrameworksBuildPhase;
			buildActionMask = 2147483647;
			files = (
				8E208E2DDAB781CE23585113 /* Pods_Filter_Tests.framework in Frameworks */,
			);
			runOnlyForDeploymentPostprocessing = 0;
		};
		A536AF702227ECC200750284 /* Frameworks */ = {
			isa = PBXFrameworksBuildPhase;
			buildActionMask = 2147483647;
			files = (
				2259BAFE1C9E34BF09D69C7C /* Pods_Filter_UITests.framework in Frameworks */,
			);
			runOnlyForDeploymentPostprocessing = 0;
		};
/* End PBXFrameworksBuildPhase section */

/* Begin PBXGroup section */
		7459E821DDA7D424EB1910F3 /* Pods */ = {
			isa = PBXGroup;
			children = (
				003569AD1F4933F992A84C4C /* Pods-Filter+.debug.xcconfig */,
				EA9C65EEE61A2A7503A3E604 /* Pods-Filter+.release.xcconfig */,
				3D741609E94CF76FBBD0FC22 /* Pods-Filter+Tests.debug.xcconfig */,
				F67D459A8233AFE5DB844EBD /* Pods-Filter+Tests.release.xcconfig */,
				C6D868563CFFC7986CD2D097 /* Pods-Filter+UITests.debug.xcconfig */,
				4F87969BBDAD316FD965C5CE /* Pods-Filter+UITests.release.xcconfig */,
			);
			name = Pods;
			sourceTree = "<group>";
		};
		A384457DA0AF15CF9D72352F /* Frameworks */ = {
			isa = PBXGroup;
			children = (
				6B0F38611477DEB2AF84850B /* Pods_Filter_.framework */,
				82A582CB01EC169EC40473A8 /* Pods_Filter_Tests.framework */,
				F07D1BB6DD80392751021EFA /* Pods_Filter_UITests.framework */,
			);
			name = Frameworks;
			sourceTree = "<group>";
		};
		A536AF4B2227ECC100750284 = {
			isa = PBXGroup;
			children = (
				A536AF562227ECC100750284 /* Filter+ */,
				A536AF6B2227ECC200750284 /* Filter+Tests */,
				A536AF762227ECC200750284 /* Filter+UITests */,
				A536AF552227ECC100750284 /* Products */,
				7459E821DDA7D424EB1910F3 /* Pods */,
				A384457DA0AF15CF9D72352F /* Frameworks */,
			);
			sourceTree = "<group>";
		};
		A536AF552227ECC100750284 /* Products */ = {
			isa = PBXGroup;
			children = (
				A536AF542227ECC100750284 /* Filter+.app */,
				A536AF682227ECC200750284 /* Filter+Tests.xctest */,
				A536AF732227ECC200750284 /* Filter+UITests.xctest */,
			);
			name = Products;
			sourceTree = "<group>";
		};
		A536AF562227ECC100750284 /* Filter+ */ = {
			isa = PBXGroup;
			children = (
				A536AF572227ECC100750284 /* AppDelegate.swift */,
				A54A0F1F222D706300960BEE /* Helpers */,
				A54A0F1C222C585300960BEE /* Filters_ */,
				A536AF862227ED5400750284 /* Controller */,
				A536AF5B2227ECC100750284 /* Main.storyboard */,
				A536AF5E2227ECC200750284 /* Assets.xcassets */,
				A536AF602227ECC200750284 /* LaunchScreen.storyboard */,
				A536AF632227ECC200750284 /* Info.plist */,
			);
			path = "Filter+";
			sourceTree = "<group>";
		};
		A536AF6B2227ECC200750284 /* Filter+Tests */ = {
			isa = PBXGroup;
			children = (
				A536AF6C2227ECC200750284 /* Filter_Tests.swift */,
				A536AF6E2227ECC200750284 /* Info.plist */,
			);
			path = "Filter+Tests";
			sourceTree = "<group>";
		};
		A536AF762227ECC200750284 /* Filter+UITests */ = {
			isa = PBXGroup;
			children = (
				A536AF772227ECC200750284 /* Filter_UITests.swift */,
				A536AF792227ECC200750284 /* Info.plist */,
			);
			path = "Filter+UITests";
			sourceTree = "<group>";
		};
		A536AF862227ED5400750284 /* Controller */ = {
			isa = PBXGroup;
			children = (
				A536AF872227ED6C00750284 /* FilterViewController.swift */,
			);
			path = Controller;
			sourceTree = "<group>";
		};
		A54A0F1C222C585300960BEE /* Filters_ */ = {
			isa = PBXGroup;
			children = (
				A54A0F1D222C588900960BEE /* FiltersGroup.swift */,
				A54A0F22222DC50600960BEE /* HazeRemovalFilter.swift */,
				A54A0F24222DD42F00960BEE /* CustomFiltersVendor.swift */,
				A5B252482231A3AB000AFE17 /* HueAdjustmentControlClass.swift */,
			);
			path = Filters_;
			sourceTree = "<group>";
		};
		A54A0F1F222D706300960BEE /* Helpers */ = {
			isa = PBXGroup;
			children = (
				A54A0F20222D707800960BEE /* ImageConverter.swift */,
			);
			path = Helpers;
			sourceTree = "<group>";
		};
/* End PBXGroup section */

/* Begin PBXNativeTarget section */
		A536AF532227ECC100750284 /* Filter+ */ = {
			isa = PBXNativeTarget;
			buildConfigurationList = A536AF7C2227ECC200750284 /* Build configuration list for PBXNativeTarget "Filter+" */;
			buildPhases = (
				23065FE7B7FF14581240DA48 /* [CP] Check Pods Manifest.lock */,
				A536AF502227ECC100750284 /* Sources */,
				A536AF512227ECC100750284 /* Frameworks */,
				A536AF522227ECC100750284 /* Resources */,
				6F6A5BC43469DF0AE07982F1 /* [CP] Embed Pods Frameworks */,
			);
			buildRules = (
			);
			dependencies = (
			);
			name = "Filter+";
			productName = "Filter+";
			productReference = A536AF542227ECC100750284 /* Filter+.app */;
			productType = "com.apple.product-type.application";
		};
		A536AF672227ECC200750284 /* Filter+Tests */ = {
			isa = PBXNativeTarget;
			buildConfigurationList = A536AF7F2227ECC200750284 /* Build configuration list for PBXNativeTarget "Filter+Tests" */;
			buildPhases = (
				F527670A0C2E1A1D69F312D4 /* [CP] Check Pods Manifest.lock */,
				A536AF642227ECC200750284 /* Sources */,
				A536AF652227ECC200750284 /* Frameworks */,
				A536AF662227ECC200750284 /* Resources */,
			);
			buildRules = (
			);
			dependencies = (
				A536AF6A2227ECC200750284 /* PBXTargetDependency */,
			);
			name = "Filter+Tests";
			productName = "Filter+Tests";
			productReference = A536AF682227ECC200750284 /* Filter+Tests.xctest */;
			productType = "com.apple.product-type.bundle.unit-test";
		};
		A536AF722227ECC200750284 /* Filter+UITests */ = {
			isa = PBXNativeTarget;
			buildConfigurationList = A536AF822227ECC200750284 /* Build configuration list for PBXNativeTarget "Filter+UITests" */;
			buildPhases = (
				F86F1B3BC826F54098114D3C /* [CP] Check Pods Manifest.lock */,
				A536AF6F2227ECC200750284 /* Sources */,
				A536AF702227ECC200750284 /* Frameworks */,
				A536AF712227ECC200750284 /* Resources */,
			);
			buildRules = (
			);
			dependencies = (
				A536AF752227ECC200750284 /* PBXTargetDependency */,
			);
			name = "Filter+UITests";
			productName = "Filter+UITests";
			productReference = A536AF732227ECC200750284 /* Filter+UITests.xctest */;
			productType = "com.apple.product-type.bundle.ui-testing";
		};
/* End PBXNativeTarget section */

/* Begin PBXProject section */
		A536AF4C2227ECC100750284 /* Project object */ = {
			isa = PBXProject;
			attributes = {
				LastSwiftUpdateCheck = 1010;
				LastUpgradeCheck = 1010;
				ORGANIZATIONNAME = "Achem Samuel";
				TargetAttributes = {
					A536AF532227ECC100750284 = {
						CreatedOnToolsVersion = 10.1;
					};
					A536AF672227ECC200750284 = {
						CreatedOnToolsVersion = 10.1;
						TestTargetID = A536AF532227ECC100750284;
					};
					A536AF722227ECC200750284 = {
						CreatedOnToolsVersion = 10.1;
						TestTargetID = A536AF532227ECC100750284;
					};
				};
			};
			buildConfigurationList = A536AF4F2227ECC100750284 /* Build configuration list for PBXProject "Filter+" */;
			compatibilityVersion = "Xcode 9.3";
			developmentRegion = en;
			hasScannedForEncodings = 0;
			knownRegions = (
				en,
				Base,
			);
			mainGroup = A536AF4B2227ECC100750284;
			productRefGroup = A536AF552227ECC100750284 /* Products */;
			projectDirPath = "";
			projectRoot = "";
			targets = (
				A536AF532227ECC100750284 /* Filter+ */,
				A536AF672227ECC200750284 /* Filter+Tests */,
				A536AF722227ECC200750284 /* Filter+UITests */,
			);
		};
/* End PBXProject section */

/* Begin PBXResourcesBuildPhase section */
		A536AF522227ECC100750284 /* Resources */ = {
			isa = PBXResourcesBuildPhase;
			buildActionMask = 2147483647;
			files = (
				A536AF622227ECC200750284 /* LaunchScreen.storyboard in Resources */,
				A536AF5F2227ECC200750284 /* Assets.xcassets in Resources */,
				A536AF5D2227ECC100750284 /* Main.storyboard in Resources */,
			);
			runOnlyForDeploymentPostprocessing = 0;
		};
		A536AF662227ECC200750284 /* Resources */ = {
			isa = PBXResourcesBuildPhase;
			buildActionMask = 2147483647;
			files = (
			);
			runOnlyForDeploymentPostprocessing = 0;
		};
		A536AF712227ECC200750284 /* Resources */ = {
			isa = PBXResourcesBuildPhase;
			buildActionMask = 2147483647;
			files = (
			);
			runOnlyForDeploymentPostprocessing = 0;
		};
/* End PBXResourcesBuildPhase section */

/* Begin PBXShellScriptBuildPhase section */
		23065FE7B7FF14581240DA48 /* [CP] Check Pods Manifest.lock */ = {
			isa = PBXShellScriptBuildPhase;
			buildActionMask = 2147483647;
			files = (
			);
			inputFileListPaths = (
			);
			inputPaths = (
				"${PODS_PODFILE_DIR_PATH}/Podfile.lock",
				"${PODS_ROOT}/Manifest.lock",
			);
			name = "[CP] Check Pods Manifest.lock";
			outputFileListPaths = (
			);
			outputPaths = (
				"$(DERIVED_FILE_DIR)/Pods-Filter+-checkManifestLockResult.txt",
			);
			runOnlyForDeploymentPostprocessing = 0;
			shellPath = /bin/sh;
			shellScript = "diff \"${PODS_PODFILE_DIR_PATH}/Podfile.lock\" \"${PODS_ROOT}/Manifest.lock\" > /dev/null\nif [ $? != 0 ] ; then\n    # print error to STDERR\n    echo \"error: The sandbox is not in sync with the Podfile.lock. Run 'pod install' or update your CocoaPods installation.\" >&2\n    exit 1\nfi\n# This output is used by Xcode 'outputs' to avoid re-running this script phase.\necho \"SUCCESS\" > \"${SCRIPT_OUTPUT_FILE_0}\"\n";
			showEnvVarsInLog = 0;
		};
		6F6A5BC43469DF0AE07982F1 /* [CP] Embed Pods Frameworks */ = {
			isa = PBXShellScriptBuildPhase;
			buildActionMask = 2147483647;
			files = (
			);
			inputFileListPaths = (
			);
			inputPaths = (
				"${SRCROOT}/Pods/Target Support Files/Pods-Filter+/Pods-Filter+-frameworks.sh",
				"${BUILT_PRODUCTS_DIR}/MDFInternationalization/MDFInternationalization.framework",
				"${BUILT_PRODUCTS_DIR}/MDFTextAccessibility/MDFTextAccessibility.framework",
				"${BUILT_PRODUCTS_DIR}/MaterialComponents/MaterialComponents.framework",
			);
			name = "[CP] Embed Pods Frameworks";
			outputFileListPaths = (
			);
			outputPaths = (
				"${TARGET_BUILD_DIR}/${FRAMEWORKS_FOLDER_PATH}/MDFInternationalization.framework",
				"${TARGET_BUILD_DIR}/${FRAMEWORKS_FOLDER_PATH}/MDFTextAccessibility.framework",
				"${TARGET_BUILD_DIR}/${FRAMEWORKS_FOLDER_PATH}/MaterialComponents.framework",
			);
			runOnlyForDeploymentPostprocessing = 0;
			shellPath = /bin/sh;
			shellScript = "\"${SRCROOT}/Pods/Target Support Files/Pods-Filter+/Pods-Filter+-frameworks.sh\"\n";
			showEnvVarsInLog = 0;
		};
		F527670A0C2E1A1D69F312D4 /* [CP] Check Pods Manifest.lock */ = {
			isa = PBXShellScriptBuildPhase;
			buildActionMask = 2147483647;
			files = (
			);
			inputFileListPaths = (
			);
			inputPaths = (
				"${PODS_PODFILE_DIR_PATH}/Podfile.lock",
				"${PODS_ROOT}/Manifest.lock",
			);
			name = "[CP] Check Pods Manifest.lock";
			outputFileListPaths = (
			);
			outputPaths = (
				"$(DERIVED_FILE_DIR)/Pods-Filter+Tests-checkManifestLockResult.txt",
			);
			runOnlyForDeploymentPostprocessing = 0;
			shellPath = /bin/sh;
			shellScript = "diff \"${PODS_PODFILE_DIR_PATH}/Podfile.lock\" \"${PODS_ROOT}/Manifest.lock\" > /dev/null\nif [ $? != 0 ] ; then\n    # print error to STDERR\n    echo \"error: The sandbox is not in sync with the Podfile.lock. Run 'pod install' or update your CocoaPods installation.\" >&2\n    exit 1\nfi\n# This output is used by Xcode 'outputs' to avoid re-running this script phase.\necho \"SUCCESS\" > \"${SCRIPT_OUTPUT_FILE_0}\"\n";
			showEnvVarsInLog = 0;
		};
		F86F1B3BC826F54098114D3C /* [CP] Check Pods Manifest.lock */ = {
			isa = PBXShellScriptBuildPhase;
			buildActionMask = 2147483647;
			files = (
			);
			inputFileListPaths = (
			);
			inputPaths = (
				"${PODS_PODFILE_DIR_PATH}/Podfile.lock",
				"${PODS_ROOT}/Manifest.lock",
			);
			name = "[CP] Check Pods Manifest.lock";
			outputFileListPaths = (
			);
			outputPaths = (
				"$(DERIVED_FILE_DIR)/Pods-Filter+UITests-checkManifestLockResult.txt",
			);
			runOnlyForDeploymentPostprocessing = 0;
			shellPath = /bin/sh;
			shellScript = "diff \"${PODS_PODFILE_DIR_PATH}/Podfile.lock\" \"${PODS_ROOT}/Manifest.lock\" > /dev/null\nif [ $? != 0 ] ; then\n    # print error to STDERR\n    echo \"error: The sandbox is not in sync with the Podfile.lock. Run 'pod install' or update your CocoaPods installation.\" >&2\n    exit 1\nfi\n# This output is used by Xcode 'outputs' to avoid re-running this script phase.\necho \"SUCCESS\" > \"${SCRIPT_OUTPUT_FILE_0}\"\n";
			showEnvVarsInLog = 0;
		};
/* End PBXShellScriptBuildPhase section */

/* Begin PBXSourcesBuildPhase section */
		A536AF502227ECC100750284 /* Sources */ = {
			isa = PBXSourcesBuildPhase;
			buildActionMask = 2147483647;
			files = (
				A54A0F21222D707800960BEE /* ImageConverter.swift in Sources */,
				A536AF882227ED6C00750284 /* FilterViewController.swift in Sources */,
				A54A0F1E222C588900960BEE /* FiltersGroup.swift in Sources */,
				A536AF582227ECC100750284 /* AppDelegate.swift in Sources */,
				A54A0F23222DC50600960BEE /* HazeRemovalFilter.swift in Sources */,
				A5B252492231A3AB000AFE17 /* HueAdjustmentControlClass.swift in Sources */,
				A54A0F25222DD42F00960BEE /* CustomFiltersVendor.swift in Sources */,
			);
			runOnlyForDeploymentPostprocessing = 0;
		};
		A536AF642227ECC200750284 /* Sources */ = {
			isa = PBXSourcesBuildPhase;
			buildActionMask = 2147483647;
			files = (
				A536AF6D2227ECC200750284 /* Filter_Tests.swift in Sources */,
			);
			runOnlyForDeploymentPostprocessing = 0;
		};
		A536AF6F2227ECC200750284 /* Sources */ = {
			isa = PBXSourcesBuildPhase;
			buildActionMask = 2147483647;
			files = (
				A536AF782227ECC200750284 /* Filter_UITests.swift in Sources */,
			);
			runOnlyForDeploymentPostprocessing = 0;
		};
/* End PBXSourcesBuildPhase section */

/* Begin PBXTargetDependency section */
		A536AF6A2227ECC200750284 /* PBXTargetDependency */ = {
			isa = PBXTargetDependency;
			target = A536AF532227ECC100750284 /* Filter+ */;
			targetProxy = A536AF692227ECC200750284 /* PBXContainerItemProxy */;
		};
		A536AF752227ECC200750284 /* PBXTargetDependency */ = {
			isa = PBXTargetDependency;
			target = A536AF532227ECC100750284 /* Filter+ */;
			targetProxy = A536AF742227ECC200750284 /* PBXContainerItemProxy */;
		};
/* End PBXTargetDependency section */

/* Begin PBXVariantGroup section */
		A536AF5B2227ECC100750284 /* Main.storyboard */ = {
			isa = PBXVariantGroup;
			children = (
				A536AF5C2227ECC100750284 /* Base */,
			);
			name = Main.storyboard;
			sourceTree = "<group>";
		};
		A536AF602227ECC200750284 /* LaunchScreen.storyboard */ = {
			isa = PBXVariantGroup;
			children = (
				A536AF612227ECC200750284 /* Base */,
			);
			name = LaunchScreen.storyboard;
			sourceTree = "<group>";
		};
/* End PBXVariantGroup section */

/* Begin XCBuildConfiguration section */
		A536AF7A2227ECC200750284 /* Debug */ = {
			isa = XCBuildConfiguration;
			buildSettings = {
				ALWAYS_SEARCH_USER_PATHS = NO;
				CLANG_ANALYZER_NONNULL = YES;
				CLANG_ANALYZER_NUMBER_OBJECT_CONVERSION = YES_AGGRESSIVE;
				CLANG_CXX_LANGUAGE_STANDARD = "gnu++14";
				CLANG_CXX_LIBRARY = "libc++";
				CLANG_ENABLE_MODULES = YES;
				CLANG_ENABLE_OBJC_ARC = YES;
				CLANG_ENABLE_OBJC_WEAK = YES;
				CLANG_WARN_BLOCK_CAPTURE_AUTORELEASING = YES;
				CLANG_WARN_BOOL_CONVERSION = YES;
				CLANG_WARN_COMMA = YES;
				CLANG_WARN_CONSTANT_CONVERSION = YES;
				CLANG_WARN_DEPRECATED_OBJC_IMPLEMENTATIONS = YES;
				CLANG_WARN_DIRECT_OBJC_ISA_USAGE = YES_ERROR;
				CLANG_WARN_DOCUMENTATION_COMMENTS = YES;
				CLANG_WARN_EMPTY_BODY = YES;
				CLANG_WARN_ENUM_CONVERSION = YES;
				CLANG_WARN_INFINITE_RECURSION = YES;
				CLANG_WARN_INT_CONVERSION = YES;
				CLANG_WARN_NON_LITERAL_NULL_CONVERSION = YES;
				CLANG_WARN_OBJC_IMPLICIT_RETAIN_SELF = YES;
				CLANG_WARN_OBJC_LITERAL_CONVERSION = YES;
				CLANG_WARN_OBJC_ROOT_CLASS = YES_ERROR;
				CLANG_WARN_RANGE_LOOP_ANALYSIS = YES;
				CLANG_WARN_STRICT_PROTOTYPES = YES;
				CLANG_WARN_SUSPICIOUS_MOVE = YES;
				CLANG_WARN_UNGUARDED_AVAILABILITY = YES_AGGRESSIVE;
				CLANG_WARN_UNREACHABLE_CODE = YES;
				CLANG_WARN__DUPLICATE_METHOD_MATCH = YES;
				CODE_SIGN_IDENTITY = "iPhone Developer";
				COPY_PHASE_STRIP = NO;
				DEBUG_INFORMATION_FORMAT = dwarf;
				ENABLE_STRICT_OBJC_MSGSEND = YES;
				ENABLE_TESTABILITY = YES;
				GCC_C_LANGUAGE_STANDARD = gnu11;
				GCC_DYNAMIC_NO_PIC = NO;
				GCC_NO_COMMON_BLOCKS = YES;
				GCC_OPTIMIZATION_LEVEL = 0;
				GCC_PREPROCESSOR_DEFINITIONS = (
					"DEBUG=1",
					"$(inherited)",
				);
				GCC_WARN_64_TO_32_BIT_CONVERSION = YES;
				GCC_WARN_ABOUT_RETURN_TYPE = YES_ERROR;
				GCC_WARN_UNDECLARED_SELECTOR = YES;
				GCC_WARN_UNINITIALIZED_AUTOS = YES_AGGRESSIVE;
				GCC_WARN_UNUSED_FUNCTION = YES;
				GCC_WARN_UNUSED_VARIABLE = YES;
				IPHONEOS_DEPLOYMENT_TARGET = 12.1;
				MTL_ENABLE_DEBUG_INFO = INCLUDE_SOURCE;
				MTL_FAST_MATH = YES;
				ONLY_ACTIVE_ARCH = YES;
				SDKROOT = iphoneos;
				SWIFT_ACTIVE_COMPILATION_CONDITIONS = DEBUG;
				SWIFT_OPTIMIZATION_LEVEL = "-Onone";
			};
			name = Debug;
		};
		A536AF7B2227ECC200750284 /* Release */ = {
			isa = XCBuildConfiguration;
			buildSettings = {
				ALWAYS_SEARCH_USER_PATHS = NO;
				CLANG_ANALYZER_NONNULL = YES;
				CLANG_ANALYZER_NUMBER_OBJECT_CONVERSION = YES_AGGRESSIVE;
				CLANG_CXX_LANGUAGE_STANDARD = "gnu++14";
				CLANG_CXX_LIBRARY = "libc++";
				CLANG_ENABLE_MODULES = YES;
				CLANG_ENABLE_OBJC_ARC = YES;
				CLANG_ENABLE_OBJC_WEAK = YES;
				CLANG_WARN_BLOCK_CAPTURE_AUTORELEASING = YES;
				CLANG_WARN_BOOL_CONVERSION = YES;
				CLANG_WARN_COMMA = YES;
				CLANG_WARN_CONSTANT_CONVERSION = YES;
				CLANG_WARN_DEPRECATED_OBJC_IMPLEMENTATIONS = YES;
				CLANG_WARN_DIRECT_OBJC_ISA_USAGE = YES_ERROR;
				CLANG_WARN_DOCUMENTATION_COMMENTS = YES;
				CLANG_WARN_EMPTY_BODY = YES;
				CLANG_WARN_ENUM_CONVERSION = YES;
				CLANG_WARN_INFINITE_RECURSION = YES;
				CLANG_WARN_INT_CONVERSION = YES;
				CLANG_WARN_NON_LITERAL_NULL_CONVERSION = YES;
				CLANG_WARN_OBJC_IMPLICIT_RETAIN_SELF = YES;
				CLANG_WARN_OBJC_LITERAL_CONVERSION = YES;
				CLANG_WARN_OBJC_ROOT_CLASS = YES_ERROR;
				CLANG_WARN_RANGE_LOOP_ANALYSIS = YES;
				CLANG_WARN_STRICT_PROTOTYPES = YES;
				CLANG_WARN_SUSPICIOUS_MOVE = YES;
				CLANG_WARN_UNGUARDED_AVAILABILITY = YES_AGGRESSIVE;
				CLANG_WARN_UNREACHABLE_CODE = YES;
				CLANG_WARN__DUPLICATE_METHOD_MATCH = YES;
				CODE_SIGN_IDENTITY = "iPhone Developer";
				COPY_PHASE_STRIP = NO;
				DEBUG_INFORMATION_FORMAT = "dwarf-with-dsym";
				ENABLE_NS_ASSERTIONS = NO;
				ENABLE_STRICT_OBJC_MSGSEND = YES;
				GCC_C_LANGUAGE_STANDARD = gnu11;
				GCC_NO_COMMON_BLOCKS = YES;
				GCC_WARN_64_TO_32_BIT_CONVERSION = YES;
				GCC_WARN_ABOUT_RETURN_TYPE = YES_ERROR;
				GCC_WARN_UNDECLARED_SELECTOR = YES;
				GCC_WARN_UNINITIALIZED_AUTOS = YES_AGGRESSIVE;
				GCC_WARN_UNUSED_FUNCTION = YES;
				GCC_WARN_UNUSED_VARIABLE = YES;
				IPHONEOS_DEPLOYMENT_TARGET = 12.1;
				MTL_ENABLE_DEBUG_INFO = NO;
				MTL_FAST_MATH = YES;
				SDKROOT = iphoneos;
				SWIFT_COMPILATION_MODE = wholemodule;
				SWIFT_OPTIMIZATION_LEVEL = "-O";
				VALIDATE_PRODUCT = YES;
			};
			name = Release;
		};
		A536AF7D2227ECC200750284 /* Debug */ = {
			isa = XCBuildConfiguration;
			baseConfigurationReference = 003569AD1F4933F992A84C4C /* Pods-Filter+.debug.xcconfig */;
			buildSettings = {
				ASSETCATALOG_COMPILER_APPICON_NAME = AppIcon;
				CODE_SIGN_STYLE = Automatic;
				DEVELOPMENT_TEAM = 5L94XRPVKN;
				INFOPLIST_FILE = "Filter+/Info.plist";
				LD_RUNPATH_SEARCH_PATHS = (
					"$(inherited)",
					"@executable_path/Frameworks",
				);
				PRODUCT_BUNDLE_IDENTIFIER = "com.achemsamuel.Filter-";
				PRODUCT_NAME = "$(TARGET_NAME)";
				SWIFT_VERSION = 4.2;
				TARGETED_DEVICE_FAMILY = "1,2";
			};
			name = Debug;
		};
		A536AF7E2227ECC200750284 /* Release */ = {
			isa = XCBuildConfiguration;
			baseConfigurationReference = EA9C65EEE61A2A7503A3E604 /* Pods-Filter+.release.xcconfig */;
			buildSettings = {
				ASSETCATALOG_COMPILER_APPICON_NAME = AppIcon;
				CODE_SIGN_STYLE = Automatic;
				DEVELOPMENT_TEAM = 5L94XRPVKN;
				INFOPLIST_FILE = "Filter+/Info.plist";
				LD_RUNPATH_SEARCH_PATHS = (
					"$(inherited)",
					"@executable_path/Frameworks",
				);
				PRODUCT_BUNDLE_IDENTIFIER = "com.achemsamuel.Filter-";
				PRODUCT_NAME = "$(TARGET_NAME)";
				SWIFT_VERSION = 4.2;
				TARGETED_DEVICE_FAMILY = "1,2";
			};
			name = Release;
		};
		A536AF802227ECC200750284 /* Debug */ = {
			isa = XCBuildConfiguration;
			baseConfigurationReference = 3D741609E94CF76FBBD0FC22 /* Pods-Filter+Tests.debug.xcconfig */;
			buildSettings = {
				ALWAYS_EMBED_SWIFT_STANDARD_LIBRARIES = YES;
				BUNDLE_LOADER = "$(TEST_HOST)";
				CODE_SIGN_STYLE = Automatic;
				DEVELOPMENT_TEAM = 5L94XRPVKN;
				INFOPLIST_FILE = "Filter+Tests/Info.plist";
				LD_RUNPATH_SEARCH_PATHS = (
					"$(inherited)",
					"@executable_path/Frameworks",
					"@loader_path/Frameworks",
				);
				PRODUCT_BUNDLE_IDENTIFIER = "com.achemsamuel.Filter-Tests";
				PRODUCT_NAME = "$(TARGET_NAME)";
				SWIFT_VERSION = 4.2;
				TARGETED_DEVICE_FAMILY = "1,2";
				TEST_HOST = "$(BUILT_PRODUCTS_DIR)/Filter+.app/Filter+";
			};
			name = Debug;
		};
		A536AF812227ECC200750284 /* Release */ = {
			isa = XCBuildConfiguration;
			baseConfigurationReference = F67D459A8233AFE5DB844EBD /* Pods-Filter+Tests.release.xcconfig */;
			buildSettings = {
				ALWAYS_EMBED_SWIFT_STANDARD_LIBRARIES = YES;
				BUNDLE_LOADER = "$(TEST_HOST)";
				CODE_SIGN_STYLE = Automatic;
				DEVELOPMENT_TEAM = 5L94XRPVKN;
				INFOPLIST_FILE = "Filter+Tests/Info.plist";
				LD_RUNPATH_SEARCH_PATHS = (
					"$(inherited)",
					"@executable_path/Frameworks",
					"@loader_path/Frameworks",
				);
				PRODUCT_BUNDLE_IDENTIFIER = "com.achemsamuel.Filter-Tests";
				PRODUCT_NAME = "$(TARGET_NAME)";
				SWIFT_VERSION = 4.2;
				TARGETED_DEVICE_FAMILY = "1,2";
				TEST_HOST = "$(BUILT_PRODUCTS_DIR)/Filter+.app/Filter+";
			};
			name = Release;
		};
		A536AF832227ECC200750284 /* Debug */ = {
			isa = XCBuildConfiguration;
			baseConfigurationReference = C6D868563CFFC7986CD2D097 /* Pods-Filter+UITests.debug.xcconfig */;
			buildSettings = {
				ALWAYS_EMBED_SWIFT_STANDARD_LIBRARIES = YES;
				CODE_SIGN_STYLE = Automatic;
				DEVELOPMENT_TEAM = 5L94XRPVKN;
				INFOPLIST_FILE = "Filter+UITests/Info.plist";
				LD_RUNPATH_SEARCH_PATHS = (
					"$(inherited)",
					"@executable_path/Frameworks",
					"@loader_path/Frameworks",
				);
				PRODUCT_BUNDLE_IDENTIFIER = "com.achemsamuel.Filter-UITests";
				PRODUCT_NAME = "$(TARGET_NAME)";
				SWIFT_VERSION = 4.2;
				TARGETED_DEVICE_FAMILY = "1,2";
				TEST_TARGET_NAME = "Filter+";
			};
			name = Debug;
		};
		A536AF842227ECC200750284 /* Release */ = {
			isa = XCBuildConfiguration;
			baseConfigurationReference = 4F87969BBDAD316FD965C5CE /* Pods-Filter+UITests.release.xcconfig */;
			buildSettings = {
				ALWAYS_EMBED_SWIFT_STANDARD_LIBRARIES = YES;
				CODE_SIGN_STYLE = Automatic;
				DEVELOPMENT_TEAM = 5L94XRPVKN;
				INFOPLIST_FILE = "Filter+UITests/Info.plist";
				LD_RUNPATH_SEARCH_PATHS = (
					"$(inherited)",
					"@executable_path/Frameworks",
					"@loader_path/Frameworks",
				);
				PRODUCT_BUNDLE_IDENTIFIER = "com.achemsamuel.Filter-UITests";
				PRODUCT_NAME = "$(TARGET_NAME)";
				SWIFT_VERSION = 4.2;
				TARGETED_DEVICE_FAMILY = "1,2";
				TEST_TARGET_NAME = "Filter+";
			};
			name = Release;
		};
/* End XCBuildConfiguration section */

/* Begin XCConfigurationList section */
		A536AF4F2227ECC100750284 /* Build configuration list for PBXProject "Filter+" */ = {
			isa = XCConfigurationList;
			buildConfigurations = (
				A536AF7A2227ECC200750284 /* Debug */,
				A536AF7B2227ECC200750284 /* Release */,
			);
			defaultConfigurationIsVisible = 0;
			defaultConfigurationName = Release;
		};
		A536AF7C2227ECC200750284 /* Build configuration list for PBXNativeTarget "Filter+" */ = {
			isa = XCConfigurationList;
			buildConfigurations = (
				A536AF7D2227ECC200750284 /* Debug */,
				A536AF7E2227ECC200750284 /* Release */,
			);
			defaultConfigurationIsVisible = 0;
			defaultConfigurationName = Release;
		};
		A536AF7F2227ECC200750284 /* Build configuration list for PBXNativeTarget "Filter+Tests" */ = {
			isa = XCConfigurationList;
			buildConfigurations = (
				A536AF802227ECC200750284 /* Debug */,
				A536AF812227ECC200750284 /* Release */,
			);
			defaultConfigurationIsVisible = 0;
			defaultConfigurationName = Release;
		};
		A536AF822227ECC200750284 /* Build configuration list for PBXNativeTarget "Filter+UITests" */ = {
			isa = XCConfigurationList;
			buildConfigurations = (
				A536AF832227ECC200750284 /* Debug */,
				A536AF842227ECC200750284 /* Release */,
			);
			defaultConfigurationIsVisible = 0;
			defaultConfigurationName = Release;
		};
/* End XCConfigurationList section */
	};
	rootObject = A536AF4C2227ECC100750284 /* Project object */;
}
